
Microsoft Visual Studio Solution File, Format Version 12.00
# Visual Studio 14
VisualStudioVersion = 14.0.24720.0
MinimumVisualStudioVersion = 10.0.40219.1
Project("{FAE04EC0-301F-11D3-BF4B-00C04F79EFBC}") = "MacAndCookie_Edit", "MacAndCookie_Edit\MacAndCookie_Edit.csproj", "{690409B6-50C7-4AD0-B9C8-F590B113B0FB}"
EndProject
Global
	GlobalSection(SolutionConfigurationPlatforms) = preSolution
		Debug|Any CPU = Debug|Any CPU
		Release|Any CPU = Release|Any CPU
	EndGlobalSection
	GlobalSection(ProjectConfigurationPlatforms) = postSolution
		{690409B6-50C7-4AD0-B9C8-F590B113B0FB}.Debug|Any CPU.ActiveCfg = Debug|Any CPU
		{690409B6-50C7-4AD0-B9C8-F590B113B0FB}.Debug|Any CPU.Build.0 = Debug|Any CPU
		{690409B6-50C7-4AD0-B9C8-F590B113B0FB}.Release|Any CPU.ActiveCfg = Release|Any CPU
		{690409B6-50C7-4AD0-B9C8-F590B113B0FB}.Release|Any CPU.Build.0 = Release|Any CPU
	EndGlobalSection
	GlobalSection(SolutionProperties) = preSolution
		HideSolutionNode = FALSE
	EndGlobalSection
EndGlobal
